{
  "name": "@webcarrot/router-example",
  "version": "1.0.0",
  "lockfileVersion": 1,
  "requires": true,
  "dependencies": {
    "@babel/runtime": {
      "version": "7.7.1",
      "resolved": "https://registry.npmjs.org/@babel/runtime/-/runtime-7.7.1.tgz",
      "integrity": "sha512-SQ0sS7KUJDvgCI2cpZG0nJygO6002oTbhgSuw4WcocsnbxLwL5Q8I3fqbJdyBAc3uFrWZiR2JomseuxSuci3SQ==",
      "requires": {
        "regenerator-runtime": "^0.13.2"
      }
    },
    "@emotion/hash": {
      "version": "0.7.3",
      "resolved": "https://registry.npmjs.org/@emotion/hash/-/hash-0.7.3.tgz",
      "integrity": "sha512-14ZVlsB9akwvydAdaEnVnvqu6J2P6ySv39hYyl/aoB6w/V+bXX0tay8cF6paqbgZsN2n5Xh15uF4pE+GvE+itw=="
    },
    "@material-ui/core": {
      "version": "4.6.0",
      "resolved": "https://registry.npmjs.org/@material-ui/core/-/core-4.6.0.tgz",
      "integrity": "sha512-nzD0oO3R2dcX/+hmi5FUFSddMKySK76Ryuno3J/iOotbKvzXwbf9szzhL8KPNmsj+vizVNfkEfhzOuuCHRBKKQ==",
      "requires": {
        "@babel/runtime": "^7.4.4",
        "@material-ui/styles": "^4.6.0",
        "@material-ui/system": "^4.5.2",
        "@material-ui/types": "^4.1.1",
        "@material-ui/utils": "^4.5.2",
        "@types/react-transition-group": "^4.2.0",
        "clsx": "^1.0.2",
        "convert-css-length": "^2.0.1",
        "hoist-non-react-statics": "^3.2.1",
        "normalize-scroll-left": "^0.2.0",
        "popper.js": "^1.14.1",
        "prop-types": "^15.7.2",
        "react-transition-group": "^4.3.0"
      }
    },
    "@material-ui/styles": {
      "version": "4.6.0",
      "resolved": "https://registry.npmjs.org/@material-ui/styles/-/styles-4.6.0.tgz",
      "integrity": "sha512-lqqh4UEMdIYcU1Yth4pQyMTah02uAkg3NOT3MirN9FUexdL8pNA6zCHigEgDSfwmvnXyxHhxTkphfy0DRfnt9w==",
      "requires": {
        "@babel/runtime": "^7.4.4",
        "@emotion/hash": "^0.7.1",
        "@material-ui/types": "^4.1.1",
        "@material-ui/utils": "^4.5.2",
        "clsx": "^1.0.2",
        "csstype": "^2.5.2",
        "hoist-non-react-statics": "^3.2.1",
        "jss": "^10.0.0",
        "jss-plugin-camel-case": "^10.0.0",
        "jss-plugin-default-unit": "^10.0.0",
        "jss-plugin-global": "^10.0.0",
        "jss-plugin-nested": "^10.0.0",
        "jss-plugin-props-sort": "^10.0.0",
        "jss-plugin-rule-value-function": "^10.0.0",
        "jss-plugin-vendor-prefixer": "^10.0.0",
        "prop-types": "^15.7.2"
      }
    },
    "@material-ui/system": {
      "version": "4.5.2",
      "resolved": "https://registry.npmjs.org/@material-ui/system/-/system-4.5.2.tgz",
      "integrity": "sha512-h9RWvdM9XKlHHqwiuhyvWdobptQkHli+m2jJFs7i1AI/hmGsIc4reDmS7fInhETgt/Txx7uiAIznfRNIIVHmQw==",
      "requires": {
        "@babel/runtime": "^7.4.4",
        "@material-ui/utils": "^4.5.2",
        "prop-types": "^15.7.2"
      }
    },
    "@material-ui/types": {
      "version": "4.1.1",
      "resolved": "https://registry.npmjs.org/@material-ui/types/-/types-4.1.1.tgz",
      "integrity": "sha512-AN+GZNXytX9yxGi0JOfxHrRTbhFybjUJ05rnsBVjcB+16e466Z0Xe5IxawuOayVZgTBNDxmPKo5j4V6OnMtaSQ==",
      "requires": {
        "@types/react": "*"
      }
    },
    "@material-ui/utils": {
      "version": "4.5.2",
      "resolved": "https://registry.npmjs.org/@material-ui/utils/-/utils-4.5.2.tgz",
      "integrity": "sha512-zhbNfHd1gLa8At6RPDG7uMZubHxbY+LtM6IkSfeWi6Lo4Ax80l62YaN1QmUpO1IvGCkn/j62tQX3yObiQZrJsQ==",
      "requires": {
        "@babel/runtime": "^7.4.4",
        "prop-types": "^15.7.2",
        "react-is": "^16.8.6"
      }
    },
    "@types/accepts": {
      "version": "1.3.5",
      "resolved": "https://registry.npmjs.org/@types/accepts/-/accepts-1.3.5.tgz",
      "integrity": "sha512-jOdnI/3qTpHABjM5cx1Hc0sKsPoYCp+DP/GJRGtDlPd7fiV9oXGGIcjW/ZOxLIvjGz8MA+uMZI9metHlgqbgwQ==",
      "dev": true,
      "requires": {
        "@types/node": "*"
      }
    },
    "@types/body-parser": {
      "version": "1.17.1",
      "resolved": "https://registry.npmjs.org/@types/body-parser/-/body-parser-1.17.1.tgz",
      "integrity": "sha512-RoX2EZjMiFMjZh9lmYrwgoP9RTpAjSHiJxdp4oidAQVO02T7HER3xj9UKue5534ULWeqVEkujhWcyvUce+d68w==",
      "dev": true,
      "requires": {
        "@types/connect": "*",
        "@types/node": "*"
      }
    },
    "@types/co-body": {
      "version": "0.0.3",
      "resolved": "https://registry.npmjs.org/@types/co-body/-/co-body-0.0.3.tgz",
      "integrity": "sha512-Arrl3/wGJ2+tmwPTEESQpKxBXbvTNwPA5fgSfk5IdL+drDnkT2CSOn/FPcBqpxCCF/SoaNfm9W/OgWLTydMKuw==",
      "dev": true,
      "requires": {
        "@types/koa": "*",
        "@types/node": "*",
        "@types/qs": "*"
      }
    },
    "@types/connect": {
      "version": "3.4.32",
      "resolved": "https://registry.npmjs.org/@types/connect/-/connect-3.4.32.tgz",
      "integrity": "sha512-4r8qa0quOvh7lGD0pre62CAb1oni1OO6ecJLGCezTmhQ8Fz50Arx9RUszryR8KlgK6avuSXvviL6yWyViQABOg==",
      "dev": true,
      "requires": {
        "@types/node": "*"
      }
    },
    "@types/cookies": {
      "version": "0.7.4",
      "resolved": "https://registry.npmjs.org/@types/cookies/-/cookies-0.7.4.tgz",
      "integrity": "sha512-oTGtMzZZAVuEjTwCjIh8T8FrC8n/uwy+PG0yTvQcdZ7etoel7C7/3MSd7qrukENTgQtotG7gvBlBojuVs7X5rw==",
      "dev": true,
      "requires": {
        "@types/connect": "*",
        "@types/express": "*",
        "@types/keygrip": "*",
        "@types/node": "*"
      }
    },
    "@types/etag": {
      "version": "1.8.0",
      "resolved": "https://registry.npmjs.org/@types/etag/-/etag-1.8.0.tgz",
      "integrity": "sha512-EdSN0x+Y0/lBv7YAb8IU4Jgm6DWM+Bqtz7o5qozl96fzaqdqbdfHS5qjdpFeIv7xQ8jSLyjMMNShgYtMajEHyQ==",
      "dev": true,
      "requires": {
        "@types/node": "*"
      }
    },
    "@types/express": {
      "version": "4.17.2",
      "resolved": "https://registry.npmjs.org/@types/express/-/express-4.17.2.tgz",
      "integrity": "sha512-5mHFNyavtLoJmnusB8OKJ5bshSzw+qkMIBAobLrIM48HJvunFva9mOa6aBwh64lBFyNwBbs0xiEFuj4eU/NjCA==",
      "dev": true,
      "requires": {
        "@types/body-parser": "*",
        "@types/express-serve-static-core": "*",
        "@types/serve-static": "*"
      }
    },
    "@types/express-serve-static-core": {
      "version": "4.16.11",
      "resolved": "https://registry.npmjs.org/@types/express-serve-static-core/-/express-serve-static-core-4.16.11.tgz",
      "integrity": "sha512-K8d2M5t3tBQimkyaYTXxtHYyoJPUEhy2/omVRnTAKw5FEdT+Ft6lTaTOpoJdHeG+mIwQXXtqiTcYZ6IR8LTzjQ==",
      "dev": true,
      "requires": {
        "@types/node": "*",
        "@types/range-parser": "*"
      }
    },
    "@types/fresh": {
      "version": "0.5.0",
      "resolved": "https://registry.npmjs.org/@types/fresh/-/fresh-0.5.0.tgz",
      "integrity": "sha512-eGPzuyc6wZM3sSHJdF7NM2jW6B/xsB014Rqg/iDa6xY02mlfy1w/TE2sYhR8vbHxkzJOXiGo6NuIk3xk35vsgQ==",
      "dev": true
    },
    "@types/http-assert": {
      "version": "1.5.1",
      "resolved": "https://registry.npmjs.org/@types/http-assert/-/http-assert-1.5.1.tgz",
      "integrity": "sha512-PGAK759pxyfXE78NbKxyfRcWYA/KwW17X290cNev/qAsn9eQIxkH4shoNBafH37wewhDG/0p1cHPbK6+SzZjWQ==",
      "dev": true
    },
    "@types/keygrip": {
      "version": "1.0.1",
      "resolved": "https://registry.npmjs.org/@types/keygrip/-/keygrip-1.0.1.tgz",
      "integrity": "sha1-/1QEYtL7TQqIRBzq8n0oewHD2Hg=",
      "dev": true
    },
    "@types/koa": {
      "version": "2.0.51",
      "resolved": "https://registry.npmjs.org/@types/koa/-/koa-2.0.51.tgz",
      "integrity": "sha512-L5e/l6Z+SR9Jk6HM0wNYdkvWhSUBOvi+7Q5Uwn7kE/VmBXX7NIxARMigARWAyXAtXiv5Ry1P2HmebolFdvuIVg==",
      "dev": true,
      "requires": {
        "@types/accepts": "*",
        "@types/cookies": "*",
        "@types/http-assert": "*",
        "@types/keygrip": "*",
        "@types/koa-compose": "*",
        "@types/node": "*"
      }
    },
    "@types/koa-compose": {
      "version": "3.2.4",
      "resolved": "https://registry.npmjs.org/@types/koa-compose/-/koa-compose-3.2.4.tgz",
      "integrity": "sha512-ioou0rxkuWL+yBQYsHUQAzRTfVxAg8Y2VfMftU+Y3RA03/MzuFL0x/M2sXXj3PkfnENbHsjeHR1aMdezLYpTeA==",
      "dev": true,
      "requires": {
        "@types/koa": "*"
      }
    },
    "@types/koa-compress": {
      "version": "2.0.9",
      "resolved": "https://registry.npmjs.org/@types/koa-compress/-/koa-compress-2.0.9.tgz",
      "integrity": "sha512-1Sa9OsbHd2N2N7gLpdIRHe8W99EZbfIR31D7Iisx16XgwZCnWUtGXzXQejhu74Y1pE/wILqBP6VL49ch/MVpZw==",
      "dev": true,
      "requires": {
        "@types/koa": "*",
        "@types/node": "*"
      }
    },
    "@types/mime": {
      "version": "2.0.1",
      "resolved": "https://registry.npmjs.org/@types/mime/-/mime-2.0.1.tgz",
      "integrity": "sha512-FwI9gX75FgVBJ7ywgnq/P7tw+/o1GUbtP0KzbtusLigAOgIgNISRK0ZPl4qertvXSIE8YbsVJueQ90cDt9YYyw==",
      "dev": true
    },
    "@types/mime-types": {
      "version": "2.1.0",
      "resolved": "https://registry.npmjs.org/@types/mime-types/-/mime-types-2.1.0.tgz",
      "integrity": "sha1-nKUs2jY/aZxpRmwqbM2q2RPqenM=",
      "dev": true
    },
    "@types/module-alias": {
      "version": "2.0.0",
      "resolved": "https://registry.npmjs.org/@types/module-alias/-/module-alias-2.0.0.tgz",
      "integrity": "sha512-e3sW4oEH0qS1QxSfX7PT6xIi5qk/YSMsrB9Lq8EtkhQBZB+bKyfkP+jpLJRySanvBhAQPSv2PEBe81M8Iy/7yg==",
      "dev": true
    },
    "@types/node": {
      "version": "12.12.6",
      "resolved": "https://registry.npmjs.org/@types/node/-/node-12.12.6.tgz",
      "integrity": "sha512-FjsYUPzEJdGXjwKqSpE0/9QEh6kzhTAeObA54rn6j3rR4C/mzpI9L0KNfoeASSPMMdxIsoJuCLDWcM/rVjIsSA==",
      "dev": true
    },
    "@types/prop-types": {
      "version": "15.7.3",
      "resolved": "https://registry.npmjs.org/@types/prop-types/-/prop-types-15.7.3.tgz",
      "integrity": "sha512-KfRL3PuHmqQLOG+2tGpRO26Ctg+Cq1E01D2DMriKEATHgWLfeNDmq9e29Q9WIky0dQ3NPkd1mzYH8Lm936Z9qw=="
    },
    "@types/qs": {
      "version": "6.5.3",
      "resolved": "https://registry.npmjs.org/@types/qs/-/qs-6.5.3.tgz",
      "integrity": "sha512-Jugo5V/1bS0fRhy2z8+cUAHEyWOATaz4rbyLVvcFs7+dXp5HfwpEwzF1Q11bB10ApUqHf+yTauxI0UXQDwGrbA==",
      "dev": true
    },
    "@types/range-parser": {
      "version": "1.2.3",
      "resolved": "https://registry.npmjs.org/@types/range-parser/-/range-parser-1.2.3.tgz",
      "integrity": "sha512-ewFXqrQHlFsgc09MK5jP5iR7vumV/BYayNC6PgJO2LPe8vrnNFyjQjSppfEngITi0qvfKtzFvgKymGheFM9UOA==",
      "dev": true
    },
    "@types/react": {
      "version": "16.9.11",
      "resolved": "https://registry.npmjs.org/@types/react/-/react-16.9.11.tgz",
      "integrity": "sha512-UBT4GZ3PokTXSWmdgC/GeCGEJXE5ofWyibCcecRLUVN2ZBpXQGVgQGtG2foS7CrTKFKlQVVswLvf7Js6XA/CVQ==",
      "requires": {
        "@types/prop-types": "*",
        "csstype": "^2.2.0"
      }
    },
    "@types/react-dom": {
      "version": "16.9.3",
      "resolved": "https://registry.npmjs.org/@types/react-dom/-/react-dom-16.9.3.tgz",
      "integrity": "sha512-FUuZKXPr9qlzUT9lhuzrZgLjH63TvNn28Ch3MvKG4B+F52zQtO8DtE0Opbncy3xaucNZM2WIPfuNTgkbKx5Brg==",
      "dev": true,
      "requires": {
        "@types/react": "*"
      }
    },
    "@types/react-transition-group": {
      "version": "4.2.3",
      "resolved": "https://registry.npmjs.org/@types/react-transition-group/-/react-transition-group-4.2.3.tgz",
      "integrity": "sha512-Hk8jiuT7iLOHrcjKP/ZVSyCNXK73wJAUz60xm0mVhiRujrdiI++j4duLiL282VGxwAgxetHQFfqA29LgEeSkFA==",
      "requires": {
        "@types/react": "*"
      }
    },
    "@types/serve-static": {
      "version": "1.13.3",
      "resolved": "https://registry.npmjs.org/@types/serve-static/-/serve-static-1.13.3.tgz",
      "integrity": "sha512-oprSwp094zOglVrXdlo/4bAHtKTAxX6VT8FOZlBKrmyLbNvE1zxZyJ6yikMVtHIvwP45+ZQGJn+FdXGKTozq0g==",
      "dev": true,
      "requires": {
        "@types/express-serve-static-core": "*",
        "@types/mime": "*"
      }
    },
    "@types/yargs": {
      "version": "13.0.3",
      "resolved": "https://registry.npmjs.org/@types/yargs/-/yargs-13.0.3.tgz",
      "integrity": "sha512-K8/LfZq2duW33XW/tFwEAfnZlqIfVsoyRB3kfXdPXYhl0nfM8mmh7GS0jg7WrX2Dgq/0Ha/pR1PaR+BvmWwjiQ==",
      "dev": true,
      "requires": {
        "@types/yargs-parser": "*"
      }
    },
    "@types/yargs-parser": {
      "version": "13.1.0",
      "resolved": "https://registry.npmjs.org/@types/yargs-parser/-/yargs-parser-13.1.0.tgz",
      "integrity": "sha512-gCubfBUZ6KxzoibJ+SCUc/57Ms1jz5NjHe4+dI2krNmU5zCPAphyLJYyTOg06ueIyfj+SaCUqmzun7ImlxDcKg==",
      "dev": true
    },
    "@webcarrot/api": {
      "version": "1.3.1",
      "resolved": "https://registry.npmjs.org/@webcarrot/api/-/api-1.3.1.tgz",
      "integrity": "sha512-lEyQP4JrnGhJMEbRpv92EKJ4PFbHYtYXpqm2KOIf+0NrF58jc6pm1NRzlpn8BXGHYI4w6Wlgft/1fUhYwE5wrg=="
    },
    "@webcarrot/router": {
      "version": "1.2.0",
      "resolved": "https://registry.npmjs.org/@webcarrot/router/-/router-1.2.0.tgz",
      "integrity": "sha512-xsodSXrZh8/oAHmEobd0qMbE2dBsi6b1h+DjvQUNktS73IRFIxIAZ+U2KNBpv1+UvAp/ASy1rukMmMUapvSQ4Q=="
    },
    "@webcarrot/router-match": {
      "version": "1.0.1",
      "resolved": "https://registry.npmjs.org/@webcarrot/router-match/-/router-match-1.0.1.tgz",
      "integrity": "sha512-+pVg4QFhzEx0bnqf9Ph2g6ixywpyEU8w7hocA7NuqOFGtNv06MYbK9lewb4Nh15VasiLLq9UGz7kn4eLLvj8LQ=="
    },
    "accepts": {
      "version": "1.3.7",
      "resolved": "https://registry.npmjs.org/accepts/-/accepts-1.3.7.tgz",
      "integrity": "sha512-Il80Qs2WjYlJIBNzNkK6KYqlVMTbZLXgHx2oT0pU/fjRHyEp+PEfEPY0R3WCwAGVOtauxh1hOxNgIf5bv7dQpA==",
      "requires": {
        "mime-types": "~2.1.24",
        "negotiator": "0.6.2"
      }
    },
    "ansi-regex": {
      "version": "4.1.0",
      "resolved": "https://registry.npmjs.org/ansi-regex/-/ansi-regex-4.1.0.tgz",
      "integrity": "sha512-1apePfXM1UOSqw0o9IiFAovVz9M5S1Dg+4TrDwfMewQ6p/rmMueb7tWZjQ1rx4Loy1ArBggoqGpfqqdI4rondg=="
    },
    "ansi-styles": {
      "version": "3.2.1",
      "resolved": "https://registry.npmjs.org/ansi-styles/-/ansi-styles-3.2.1.tgz",
      "integrity": "sha512-VT0ZI6kZRdTh8YyJw3SMbYm/u+NqfsAxEpWO0Pf9sq8/e94WxxOpPKx9FR1FlyCtOVDNOQ+8ntlqFxiRc+r5qA==",
      "requires": {
        "color-convert": "^1.9.0"
      }
    },
    "any-promise": {
      "version": "1.3.0",
      "resolved": "https://registry.npmjs.org/any-promise/-/any-promise-1.3.0.tgz",
      "integrity": "sha1-q8av7tzqUugJzcA3au0845Y10X8="
    },
    "axios": {
      "version": "0.19.0",
      "resolved": "https://registry.npmjs.org/axios/-/axios-0.19.0.tgz",
      "integrity": "sha512-1uvKqKQta3KBxIz14F2v06AEHZ/dIoeKfbTRkK1E5oqjDnuEerLmYTgJB5AiQZHJcljpg1TuRzdjDR06qNk0DQ==",
      "requires": {
        "follow-redirects": "1.5.10",
        "is-buffer": "^2.0.2"
      }
    },
    "bytes": {
      "version": "3.1.0",
      "resolved": "https://registry.npmjs.org/bytes/-/bytes-3.1.0.tgz",
      "integrity": "sha512-zauLjrfCG+xvoyaqLoV8bLVXXNGC4JqlxFCutSDWA6fJrTo2ZuvLYTqZ7aHBLZSMOopbzwv8f+wZcVzfVTI2Dg=="
    },
    "cache-content-type": {
      "version": "1.0.1",
      "resolved": "https://registry.npmjs.org/cache-content-type/-/cache-content-type-1.0.1.tgz",
      "integrity": "sha512-IKufZ1o4Ut42YUrZSo8+qnMTrFuKkvyoLXUywKz9GJ5BrhOFGhLdkx9sG4KAnVvbY6kEcSFjLQul+DVmBm2bgA==",
      "requires": {
        "mime-types": "^2.1.18",
        "ylru": "^1.2.0"
      }
    },
    "camelcase": {
      "version": "5.3.1",
      "resolved": "https://registry.npmjs.org/camelcase/-/camelcase-5.3.1.tgz",
      "integrity": "sha512-L28STB170nwWS63UjtlEOE3dldQApaJXZkOI1uMFfzf3rRuPegHaHesyee+YxQ+W6SvRDQV6UrdOdRiR153wJg=="
    },
    "cliui": {
      "version": "5.0.0",
      "resolved": "https://registry.npmjs.org/cliui/-/cliui-5.0.0.tgz",
      "integrity": "sha512-PYeGSEmmHM6zvoef2w8TPzlrnNpXIjTipYK780YswmIP9vjxmd6Y2a3CB2Ks6/AU8NHjZugXvo8w3oWM2qnwXA==",
      "requires": {
        "string-width": "^3.1.0",
        "strip-ansi": "^5.2.0",
        "wrap-ansi": "^5.1.0"
      }
    },
    "clsx": {
      "version": "1.0.4",
      "resolved": "https://registry.npmjs.org/clsx/-/clsx-1.0.4.tgz",
      "integrity": "sha512-1mQ557MIZTrL/140j+JVdRM6e31/OA4vTYxXgqIIZlndyfjHpyawKZia1Im05Vp9BWmImkcNrNtFYQMyFcgJDg=="
    },
    "co": {
      "version": "4.6.0",
      "resolved": "https://registry.npmjs.org/co/-/co-4.6.0.tgz",
      "integrity": "sha1-bqa989hTrlTMuOR7+gvz+QMfsYQ="
    },
    "co-body": {
      "version": "6.0.0",
      "resolved": "https://registry.npmjs.org/co-body/-/co-body-6.0.0.tgz",
      "integrity": "sha512-9ZIcixguuuKIptnY8yemEOuhb71L/lLf+Rl5JfJEUiDNJk0e02MBt7BPxR2GEh5mw8dPthQYR4jPI/BnS1MQgw==",
      "requires": {
        "inflation": "^2.0.0",
        "qs": "^6.5.2",
        "raw-body": "^2.3.3",
        "type-is": "^1.6.16"
      }
    },
    "color-convert": {
      "version": "1.9.3",
      "resolved": "https://registry.npmjs.org/color-convert/-/color-convert-1.9.3.tgz",
      "integrity": "sha512-QfAUtd+vFdAtFQcC8CCyYt1fYWxSqAiK2cSD6zDB8N3cpsEBAvRxp9zOGg6G/SHHJYAT88/az/IuDGALsNVbGg==",
      "requires": {
        "color-name": "1.1.3"
      }
    },
    "color-name": {
      "version": "1.1.3",
      "resolved": "https://registry.npmjs.org/color-name/-/color-name-1.1.3.tgz",
      "integrity": "sha1-p9BVi9icQveV3UIyj3QIMcpTvCU="
    },
    "compressible": {
      "version": "2.0.17",
      "resolved": "https://registry.npmjs.org/compressible/-/compressible-2.0.17.tgz",
      "integrity": "sha512-BGHeLCK1GV7j1bSmQQAi26X+GgWcTjLr/0tzSvMCl3LH1w1IJ4PFSPoV5316b30cneTziC+B1a+3OjoSUcQYmw==",
      "requires": {
        "mime-db": ">= 1.40.0 < 2"
      }
    },
    "content-disposition": {
      "version": "0.5.3",
      "resolved": "https://registry.npmjs.org/content-disposition/-/content-disposition-0.5.3.tgz",
      "integrity": "sha512-ExO0774ikEObIAEV9kDo50o+79VCUdEB6n6lzKgGwupcVeRlhrj3qGAfwq8G6uBJjkqLrhT0qEYFcWng8z1z0g==",
      "requires": {
        "safe-buffer": "5.1.2"
      }
    },
    "content-type": {
      "version": "1.0.4",
      "resolved": "https://registry.npmjs.org/content-type/-/content-type-1.0.4.tgz",
      "integrity": "sha512-hIP3EEPs8tB9AT1L+NUqtwOAps4mk2Zob89MWXMHjHWg9milF/j4osnnQLXBCBFBk/tvIG/tUc9mOUJiPBhPXA=="
    },
    "convert-css-length": {
      "version": "2.0.1",
      "resolved": "https://registry.npmjs.org/convert-css-length/-/convert-css-length-2.0.1.tgz",
      "integrity": "sha512-iGpbcvhLPRKUbBc0Quxx7w/bV14AC3ItuBEGMahA5WTYqB8lq9jH0kTXFheCBASsYnqeMFZhiTruNxr1N59Axg=="
    },
    "cookies": {
      "version": "0.8.0",
      "resolved": "https://registry.npmjs.org/cookies/-/cookies-0.8.0.tgz",
      "integrity": "sha512-8aPsApQfebXnuI+537McwYsDtjVxGm8gTIzQI3FDW6t5t/DAhERxtnbEPN/8RX+uZthoz4eCOgloXaE5cYyNow==",
      "requires": {
        "depd": "~2.0.0",
        "keygrip": "~1.1.0"
      },
      "dependencies": {
        "depd": {
          "version": "2.0.0",
          "resolved": "https://registry.npmjs.org/depd/-/depd-2.0.0.tgz",
          "integrity": "sha512-g7nH6P6dyDioJogAAGprGpCtVImJhpPk/roCzdb3fIh61/s/nPsfR6onyMwkCAR/OlC3yBC0lESvUoQEAssIrw=="
        }
      }
    },
    "css-vendor": {
      "version": "2.0.7",
      "resolved": "https://registry.npmjs.org/css-vendor/-/css-vendor-2.0.7.tgz",
      "integrity": "sha512-VS9Rjt79+p7M0WkPqcAza4Yq1ZHrsHrwf7hPL/bjQB+c1lwmAI+1FXxYTYt818D/50fFVflw0XKleiBN5RITkg==",
      "requires": {
        "@babel/runtime": "^7.6.2",
        "is-in-browser": "^1.0.2"
      }
    },
    "csstype": {
      "version": "2.6.7",
      "resolved": "https://registry.npmjs.org/csstype/-/csstype-2.6.7.tgz",
      "integrity": "sha512-9Mcn9sFbGBAdmimWb2gLVDtFJzeKtDGIr76TUqmjZrw9LFXBMSU70lcs+C0/7fyCd6iBDqmksUcCOUIkisPHsQ=="
    },
    "debug": {
      "version": "3.1.0",
      "resolved": "https://registry.npmjs.org/debug/-/debug-3.1.0.tgz",
      "integrity": "sha512-OX8XqP7/1a9cqkxYw2yXss15f26NKWBpDXQd0/uK/KPqdQhxbPa994hnzjcE2VqQpDslf55723cKPUOGSmMY3g==",
      "requires": {
        "ms": "2.0.0"
      }
    },
    "decamelize": {
      "version": "1.2.0",
      "resolved": "https://registry.npmjs.org/decamelize/-/decamelize-1.2.0.tgz",
      "integrity": "sha1-9lNNFRSCabIDUue+4m9QH5oZEpA="
    },
    "deep-equal": {
      "version": "1.0.1",
      "resolved": "https://registry.npmjs.org/deep-equal/-/deep-equal-1.0.1.tgz",
      "integrity": "sha1-9dJgKStmDghO/0zbyfCK0yR0SLU="
    },
    "delegates": {
      "version": "1.0.0",
      "resolved": "https://registry.npmjs.org/delegates/-/delegates-1.0.0.tgz",
      "integrity": "sha1-hMbhWbgZBP3KWaDvRM2HDTElD5o="
    },
    "depd": {
      "version": "1.1.2",
      "resolved": "https://registry.npmjs.org/depd/-/depd-1.1.2.tgz",
      "integrity": "sha1-m81S4UwJd2PnSbJ0xDRu0uVgtak="
    },
    "destroy": {
      "version": "1.0.4",
      "resolved": "https://registry.npmjs.org/destroy/-/destroy-1.0.4.tgz",
      "integrity": "sha1-l4hXRCxEdJ5CBmE+N5RiBYJqvYA="
    },
    "dom-helpers": {
      "version": "5.1.3",
      "resolved": "https://registry.npmjs.org/dom-helpers/-/dom-helpers-5.1.3.tgz",
      "integrity": "sha512-nZD1OtwfWGRBWlpANxacBEZrEuLa16o1nh7YopFWeoF68Zt8GGEmzHu6Xv4F3XaFIC+YXtTLrzgqKxFgLEe4jw==",
      "requires": {
        "@babel/runtime": "^7.6.3",
        "csstype": "^2.6.7"
      }
    },
    "ee-first": {
      "version": "1.1.1",
      "resolved": "https://registry.npmjs.org/ee-first/-/ee-first-1.1.1.tgz",
      "integrity": "sha1-WQxhFWsK4vTwJVcyoViyZrxWsh0="
    },
    "emoji-regex": {
      "version": "7.0.3",
      "resolved": "https://registry.npmjs.org/emoji-regex/-/emoji-regex-7.0.3.tgz",
      "integrity": "sha512-CwBLREIQ7LvYFB0WyRvwhq5N5qPhc6PMjD6bYggFlI5YyDgl+0vxq5VHbMOFqLg7hfWzmu8T5Z1QofhmTIhItA=="
    },
    "encodeurl": {
      "version": "1.0.2",
      "resolved": "https://registry.npmjs.org/encodeurl/-/encodeurl-1.0.2.tgz",
      "integrity": "sha1-rT/0yG7C0CkyL1oCw6mmBslbP1k="
    },
    "error-inject": {
      "version": "1.0.0",
      "resolved": "https://registry.npmjs.org/error-inject/-/error-inject-1.0.0.tgz",
      "integrity": "sha1-4rPZG1Su1nLzCdlQ0VSFD6EdTzc="
    },
    "escape-html": {
      "version": "1.0.3",
      "resolved": "https://registry.npmjs.org/escape-html/-/escape-html-1.0.3.tgz",
      "integrity": "sha1-Aljq5NPQwJdN4cFpGI7wBR0dGYg="
    },
    "etag": {
      "version": "1.8.1",
      "resolved": "https://registry.npmjs.org/etag/-/etag-1.8.1.tgz",
      "integrity": "sha1-Qa4u62XvpiJorr/qg6x9eSmbCIc="
    },
    "find-up": {
      "version": "3.0.0",
      "resolved": "https://registry.npmjs.org/find-up/-/find-up-3.0.0.tgz",
      "integrity": "sha512-1yD6RmLI1XBfxugvORwlck6f75tYL+iR0jqwsOrOxMZyGYqUuDhJ0l4AXdO1iX/FTs9cBAMEk1gWSEx1kSbylg==",
      "requires": {
        "locate-path": "^3.0.0"
      }
    },
    "follow-redirects": {
      "version": "1.5.10",
      "resolved": "https://registry.npmjs.org/follow-redirects/-/follow-redirects-1.5.10.tgz",
      "integrity": "sha512-0V5l4Cizzvqt5D44aTXbFZz+FtyXV1vrDN6qrelxtfYQKW0KO0W2T/hkE8xvGa/540LkZlkaUjO4ailYTFtHVQ==",
      "requires": {
        "debug": "=3.1.0"
      }
    },
    "fresh": {
      "version": "0.5.2",
      "resolved": "https://registry.npmjs.org/fresh/-/fresh-0.5.2.tgz",
      "integrity": "sha1-PYyt2Q2XZWn6g1qx+OSyOhBWBac="
    },
    "get-caller-file": {
      "version": "2.0.5",
      "resolved": "https://registry.npmjs.org/get-caller-file/-/get-caller-file-2.0.5.tgz",
      "integrity": "sha512-DyFP3BM/3YHTQOCUL/w0OZHR0lpKeGrxotcHWcqNEdnltqFwXVfhEBQ94eIo34AfQpo0rGki4cyIiftY06h2Fg=="
    },
    "hoist-non-react-statics": {
      "version": "3.3.0",
      "resolved": "https://registry.npmjs.org/hoist-non-react-statics/-/hoist-non-react-statics-3.3.0.tgz",
      "integrity": "sha512-0XsbTXxgiaCDYDIWFcwkmerZPSwywfUqYmwT4jzewKTQSWoE6FCMoUVOeBJWK3E/CrWbxRG3m5GzY4lnIwGRBA==",
      "requires": {
        "react-is": "^16.7.0"
      }
    },
    "http-assert": {
      "version": "1.4.1",
      "resolved": "https://registry.npmjs.org/http-assert/-/http-assert-1.4.1.tgz",
      "integrity": "sha512-rdw7q6GTlibqVVbXr0CKelfV5iY8G2HqEUkhSk297BMbSpSL8crXC+9rjKoMcZZEsksX30le6f/4ul4E28gegw==",
      "requires": {
        "deep-equal": "~1.0.1",
        "http-errors": "~1.7.2"
      }
    },
    "http-errors": {
      "version": "1.7.3",
      "resolved": "https://registry.npmjs.org/http-errors/-/http-errors-1.7.3.tgz",
      "integrity": "sha512-ZTTX0MWrsQ2ZAhA1cejAwDLycFsd7I7nVtnkT3Ol0aqodaKW+0CTZDQ1uBv5whptCnc8e8HeRRJxRs0kmm/Qfw==",
      "requires": {
        "depd": "~1.1.2",
        "inherits": "2.0.4",
        "setprototypeof": "1.1.1",
        "statuses": ">= 1.5.0 < 2",
        "toidentifier": "1.0.0"
      }
    },
    "hyphenate-style-name": {
      "version": "1.0.3",
      "resolved": "https://registry.npmjs.org/hyphenate-style-name/-/hyphenate-style-name-1.0.3.tgz",
      "integrity": "sha512-EcuixamT82oplpoJ2XU4pDtKGWQ7b00CD9f1ug9IaQ3p1bkHMiKCZ9ut9QDI6qsa6cpUuB+A/I+zLtdNK4n2DQ=="
    },
    "iconv-lite": {
      "version": "0.4.24",
      "resolved": "https://registry.npmjs.org/iconv-lite/-/iconv-lite-0.4.24.tgz",
      "integrity": "sha512-v3MXnZAcvnywkTUEZomIActle7RXXeedOR31wwl7VlyoXO4Qi9arvSenNQWne1TcRwhCL1HwLI21bEqdpj8/rA==",
      "requires": {
        "safer-buffer": ">= 2.1.2 < 3"
      }
    },
    "inflation": {
      "version": "2.0.0",
      "resolved": "https://registry.npmjs.org/inflation/-/inflation-2.0.0.tgz",
      "integrity": "sha1-i0F+R8KPklpFEz2RTKH9OJEH8w8="
    },
    "inherits": {
      "version": "2.0.4",
      "resolved": "https://registry.npmjs.org/inherits/-/inherits-2.0.4.tgz",
      "integrity": "sha512-k/vGaX4/Yla3WzyMCvTQOXYeIHvqOKtnqBduzTHpzpQZzAskKMhZ2K+EnBiSM9zGSoIFeMpXKxa4dYeZIQqewQ=="
    },
    "is-buffer": {
      "version": "2.0.4",
      "resolved": "https://registry.npmjs.org/is-buffer/-/is-buffer-2.0.4.tgz",
      "integrity": "sha512-Kq1rokWXOPXWuaMAqZiJW4XxsmD9zGx9q4aePabbn3qCRGedtH7Cm+zV8WETitMfu1wdh+Rvd6w5egwSngUX2A=="
    },
    "is-fullwidth-code-point": {
      "version": "2.0.0",
      "resolved": "https://registry.npmjs.org/is-fullwidth-code-point/-/is-fullwidth-code-point-2.0.0.tgz",
      "integrity": "sha1-o7MKXE8ZkYMWeqq5O+764937ZU8="
    },
    "is-generator-function": {
      "version": "1.0.7",
      "resolved": "https://registry.npmjs.org/is-generator-function/-/is-generator-function-1.0.7.tgz",
      "integrity": "sha512-YZc5EwyO4f2kWCax7oegfuSr9mFz1ZvieNYBEjmukLxgXfBUbxAWGVF7GZf0zidYtoBl3WvC07YK0wT76a+Rtw=="
    },
    "is-in-browser": {
      "version": "1.1.3",
      "resolved": "https://registry.npmjs.org/is-in-browser/-/is-in-browser-1.1.3.tgz",
      "integrity": "sha1-Vv9NtoOgeMYILrldrX3GLh0E+DU="
    },
    "js-tokens": {
      "version": "4.0.0",
      "resolved": "https://registry.npmjs.org/js-tokens/-/js-tokens-4.0.0.tgz",
      "integrity": "sha512-RdJUflcE3cUzKiMqQgsCu06FPu9UdIJO0beYbPhHN4k6apgJtifcoCtT9bcxOpYBtpD2kCM6Sbzg4CausW/PKQ=="
    },
    "jss": {
      "version": "10.0.0",
      "resolved": "https://registry.npmjs.org/jss/-/jss-10.0.0.tgz",
      "integrity": "sha512-TPpDFsiBjuERiL+dFDq8QCdiF9oDasPcNqCKLGCo/qED3fNYOQ8PX2lZhknyTiAt3tZrfOFbb0lbQ9lTjPZxsQ==",
      "requires": {
        "@babel/runtime": "^7.3.1",
        "csstype": "^2.6.5",
        "is-in-browser": "^1.1.3",
        "tiny-warning": "^1.0.2"
      }
    },
    "jss-plugin-camel-case": {
      "version": "10.0.0",
      "resolved": "https://registry.npmjs.org/jss-plugin-camel-case/-/jss-plugin-camel-case-10.0.0.tgz",
      "integrity": "sha512-yALDL00+pPR4FJh+k07A8FeDvfoPPuXU48HLy63enAubcVd3DnS+2rgqPXglHDGixIDVkCSXecl/l5GAMjzIbA==",
      "requires": {
        "@babel/runtime": "^7.3.1",
        "hyphenate-style-name": "^1.0.3",
        "jss": "10.0.0"
      }
    },
    "jss-plugin-default-unit": {
      "version": "10.0.0",
      "resolved": "https://registry.npmjs.org/jss-plugin-default-unit/-/jss-plugin-default-unit-10.0.0.tgz",
      "integrity": "sha512-sURozIOdCtGg9ap18erQ+ijndAfEGtTaetxfU3H4qwC18Bi+fdvjlY/ahKbuu0ASs7R/+WKCP7UaRZOjUDMcdQ==",
      "requires": {
        "@babel/runtime": "^7.3.1",
        "jss": "10.0.0"
      }
    },
    "jss-plugin-global": {
      "version": "10.0.0",
      "resolved": "https://registry.npmjs.org/jss-plugin-global/-/jss-plugin-global-10.0.0.tgz",
      "integrity": "sha512-80ofWKSQUo62bxLtRoTNe0kFPtHgUbAJeOeR36WEGgWIBEsXLyXOnD5KNnjPqG4heuEkz9eSLccjYST50JnI7Q==",
      "requires": {
        "@babel/runtime": "^7.3.1",
        "jss": "10.0.0"
      }
    },
    "jss-plugin-nested": {
      "version": "10.0.0",
      "resolved": "https://registry.npmjs.org/jss-plugin-nested/-/jss-plugin-nested-10.0.0.tgz",
      "integrity": "sha512-waxxwl/po1hN3azTyixKnr8ReEqUv5WK7WsO+5AWB0bFndML5Yqnt8ARZ90HEg8/P6WlqE/AB2413TkCRZE8bA==",
      "requires": {
        "@babel/runtime": "^7.3.1",
        "jss": "10.0.0",
        "tiny-warning": "^1.0.2"
      }
    },
    "jss-plugin-props-sort": {
      "version": "10.0.0",
      "resolved": "https://registry.npmjs.org/jss-plugin-props-sort/-/jss-plugin-props-sort-10.0.0.tgz",
      "integrity": "sha512-41mf22CImjwNdtOG3r+cdC8+RhwNm616sjHx5YlqTwtSJLyLFinbQC/a4PIFk8xqf1qpFH1kEAIw+yx9HaqZ3g==",
      "requires": {
        "@babel/runtime": "^7.3.1",
        "jss": "10.0.0"
      }
    },
    "jss-plugin-rule-value-function": {
      "version": "10.0.0",
      "resolved": "https://registry.npmjs.org/jss-plugin-rule-value-function/-/jss-plugin-rule-value-function-10.0.0.tgz",
      "integrity": "sha512-Jw+BZ8JIw1f12V0SERqGlBT1JEPWax3vuZpMym54NAXpPb7R1LYHiCTIlaJUyqvIfEy3kiHMtgI+r2whGgRIxQ==",
      "requires": {
        "@babel/runtime": "^7.3.1",
        "jss": "10.0.0"
      }
    },
    "jss-plugin-vendor-prefixer": {
      "version": "10.0.0",
      "resolved": "https://registry.npmjs.org/jss-plugin-vendor-prefixer/-/jss-plugin-vendor-prefixer-10.0.0.tgz",
      "integrity": "sha512-qslqvL0MUbWuzXJWdUxpj6mdNUX8jr4FFTo3aZnAT65nmzWL7g8oTr9ZxmTXXgdp7ANhS1QWE7036/Q2isFBpw==",
      "requires": {
        "@babel/runtime": "^7.3.1",
        "css-vendor": "^2.0.6",
        "jss": "10.0.0"
      }
    },
    "keygrip": {
      "version": "1.1.0",
      "resolved": "https://registry.npmjs.org/keygrip/-/keygrip-1.1.0.tgz",
      "integrity": "sha512-iYSchDJ+liQ8iwbSI2QqsQOvqv58eJCEanyJPJi+Khyu8smkcKSFUCbPwzFcL7YVtZ6eONjqRX/38caJ7QjRAQ==",
      "requires": {
        "tsscmp": "1.0.6"
      }
    },
    "koa": {
      "version": "2.11.0",
      "resolved": "https://registry.npmjs.org/koa/-/koa-2.11.0.tgz",
      "integrity": "sha512-EpR9dElBTDlaDgyhDMiLkXrPwp6ZqgAIBvhhmxQ9XN4TFgW+gEz6tkcsNI6BnUbUftrKDjVFj4lW2/J2aNBMMA==",
      "requires": {
        "accepts": "^1.3.5",
        "cache-content-type": "^1.0.0",
        "content-disposition": "~0.5.2",
        "content-type": "^1.0.4",
        "cookies": "~0.8.0",
        "debug": "~3.1.0",
        "delegates": "^1.0.0",
        "depd": "^1.1.2",
        "destroy": "^1.0.4",
        "encodeurl": "^1.0.2",
        "error-inject": "^1.0.0",
        "escape-html": "^1.0.3",
        "fresh": "~0.5.2",
        "http-assert": "^1.3.0",
        "http-errors": "^1.6.3",
        "is-generator-function": "^1.0.7",
        "koa-compose": "^4.1.0",
        "koa-convert": "^1.2.0",
        "on-finished": "^2.3.0",
        "only": "~0.0.2",
        "parseurl": "^1.3.2",
        "statuses": "^1.5.0",
        "type-is": "^1.6.16",
        "vary": "^1.1.2"
      }
    },
    "koa-compose": {
      "version": "4.1.0",
      "resolved": "https://registry.npmjs.org/koa-compose/-/koa-compose-4.1.0.tgz",
      "integrity": "sha512-8ODW8TrDuMYvXRwra/Kh7/rJo9BtOfPc6qO8eAfC80CnCvSjSl0bkRM24X6/XBBEyj0v1nRUQ1LyOy3dbqOWXw=="
    },
    "koa-compress": {
      "version": "3.0.0",
      "resolved": "https://registry.npmjs.org/koa-compress/-/koa-compress-3.0.0.tgz",
      "integrity": "sha512-xol+LkNB1mozKJkB5Kj6nYXbJXhkLkZlXl9BsGBPjujVfZ8MsIXwU4GHRTT7TlSfUcl2DU3JtC+j6wOWcovfuQ==",
      "requires": {
        "bytes": "^3.0.0",
        "compressible": "^2.0.0",
        "koa-is-json": "^1.0.0",
        "statuses": "^1.0.0"
      }
    },
    "koa-convert": {
      "version": "1.2.0",
      "resolved": "https://registry.npmjs.org/koa-convert/-/koa-convert-1.2.0.tgz",
      "integrity": "sha1-2kCHXfSd4FOQmNFwC1CCDOvNIdA=",
      "requires": {
        "co": "^4.6.0",
        "koa-compose": "^3.0.0"
      },
      "dependencies": {
        "koa-compose": {
          "version": "3.2.1",
          "resolved": "https://registry.npmjs.org/koa-compose/-/koa-compose-3.2.1.tgz",
          "integrity": "sha1-qFzLQLfZhtjlo0Wzoazo6rz1Tec=",
          "requires": {
            "any-promise": "^1.1.0"
          }
        }
      }
    },
    "koa-is-json": {
      "version": "1.0.0",
      "resolved": "https://registry.npmjs.org/koa-is-json/-/koa-is-json-1.0.0.tgz",
      "integrity": "sha1-JzwH7c3Ljfaiwat9We52SRRR7BQ="
    },
    "locate-path": {
      "version": "3.0.0",
      "resolved": "https://registry.npmjs.org/locate-path/-/locate-path-3.0.0.tgz",
      "integrity": "sha512-7AO748wWnIhNqAuaty2ZWHkQHRSNfPVIsPIfwEOWO22AmaoVrWavlOcMR5nzTLNYvp36X220/maaRsrec1G65A==",
      "requires": {
        "p-locate": "^3.0.0",
        "path-exists": "^3.0.0"
      }
    },
    "loose-envify": {
      "version": "1.4.0",
      "resolved": "https://registry.npmjs.org/loose-envify/-/loose-envify-1.4.0.tgz",
      "integrity": "sha512-lyuxPGr/Wfhrlem2CL/UcnUc1zcqKAImBDzukY7Y5F/yQiNdko6+fRLevlw1HgMySw7f611UIY408EtxRSoK3Q==",
      "requires": {
        "js-tokens": "^3.0.0 || ^4.0.0"
      }
    },
    "media-typer": {
      "version": "0.3.0",
      "resolved": "https://registry.npmjs.org/media-typer/-/media-typer-0.3.0.tgz",
      "integrity": "sha1-hxDXrwqmJvj/+hzgAWhUUmMlV0g="
    },
    "mime-db": {
      "version": "1.40.0",
      "resolved": "https://registry.npmjs.org/mime-db/-/mime-db-1.40.0.tgz",
      "integrity": "sha512-jYdeOMPy9vnxEqFRRo6ZvTZ8d9oPb+k18PKoYNYUe2stVEBPPwsln/qWzdbmaIvnhZ9v2P+CuecK+fpUfsV2mA=="
    },
    "mime-types": {
      "version": "2.1.24",
      "resolved": "https://registry.npmjs.org/mime-types/-/mime-types-2.1.24.tgz",
      "integrity": "sha512-WaFHS3MCl5fapm3oLxU4eYDw77IQM2ACcxQ9RIxfaC3ooc6PFuBMGZZsYpvoXS5D5QTWPieo1jjLdAm3TBP3cQ==",
      "requires": {
        "mime-db": "1.40.0"
      }
    },
    "module-alias": {
      "version": "2.2.2",
      "resolved": "https://registry.npmjs.org/module-alias/-/module-alias-2.2.2.tgz",
      "integrity": "sha512-A/78XjoX2EmNvppVWEhM2oGk3x4lLxnkEA4jTbaK97QKSDjkIoOsKQlfylt/d3kKKi596Qy3NP5XrXJ6fZIC9Q=="
    },
    "ms": {
      "version": "2.0.0",
      "resolved": "https://registry.npmjs.org/ms/-/ms-2.0.0.tgz",
      "integrity": "sha1-VgiurfwAvmwpAd9fmGF4jeDVl8g="
    },
    "negotiator": {
      "version": "0.6.2",
      "resolved": "https://registry.npmjs.org/negotiator/-/negotiator-0.6.2.tgz",
      "integrity": "sha512-hZXc7K2e+PgeI1eDBe/10Ard4ekbfrrqG8Ep+8Jmf4JID2bNg7NvCPOZN+kfF574pFQI7mum2AUqDidoKqcTOw=="
    },
    "normalize-scroll-left": {
      "version": "0.2.0",
      "resolved": "https://registry.npmjs.org/normalize-scroll-left/-/normalize-scroll-left-0.2.0.tgz",
      "integrity": "sha512-t5oCENZJl8TGusJKoCJm7+asaSsPuNmK6+iEjrZ5TyBj2f02brCRsd4c83hwtu+e5d4LCSBZ0uoDlMjBo+A8yA=="
    },
    "object-assign": {
      "version": "4.1.1",
      "resolved": "https://registry.npmjs.org/object-assign/-/object-assign-4.1.1.tgz",
      "integrity": "sha1-IQmtx5ZYh8/AXLvUQsrIv7s2CGM="
    },
    "on-finished": {
      "version": "2.3.0",
      "resolved": "https://registry.npmjs.org/on-finished/-/on-finished-2.3.0.tgz",
      "integrity": "sha1-IPEzZIGwg811M3mSoWlxqi2QaUc=",
      "requires": {
        "ee-first": "1.1.1"
      }
    },
    "only": {
      "version": "0.0.2",
      "resolved": "https://registry.npmjs.org/only/-/only-0.0.2.tgz",
      "integrity": "sha1-Kv3oTQPlC5qO3EROMGEKcCle37Q="
    },
    "p-limit": {
      "version": "2.2.1",
      "resolved": "https://registry.npmjs.org/p-limit/-/p-limit-2.2.1.tgz",
      "integrity": "sha512-85Tk+90UCVWvbDavCLKPOLC9vvY8OwEX/RtKF+/1OADJMVlFfEHOiMTPVyxg7mk/dKa+ipdHm0OUkTvCpMTuwg==",
      "requires": {
        "p-try": "^2.0.0"
      }
    },
    "p-locate": {
      "version": "3.0.0",
      "resolved": "https://registry.npmjs.org/p-locate/-/p-locate-3.0.0.tgz",
      "integrity": "sha512-x+12w/To+4GFfgJhBEpiDcLozRJGegY+Ei7/z0tSLkMmxGZNybVMSfWj9aJn8Z5Fc7dBUNJOOVgPv2H7IwulSQ==",
      "requires": {
        "p-limit": "^2.0.0"
      }
    },
    "p-try": {
      "version": "2.2.0",
      "resolved": "https://registry.npmjs.org/p-try/-/p-try-2.2.0.tgz",
      "integrity": "sha512-R4nPAVTAU0B9D35/Gk3uJf/7XYbQcyohSKdvAxIRSNghFl4e71hVoGnBNQz9cWaXxO2I10KTC+3jMdvvoKw6dQ=="
    },
    "parseurl": {
      "version": "1.3.3",
      "resolved": "https://registry.npmjs.org/parseurl/-/parseurl-1.3.3.tgz",
      "integrity": "sha512-CiyeOxFT/JZyN5m0z9PfXw4SCBJ6Sygz1Dpl0wqjlhDEGGBP1GnsUVEL0p63hoG1fcj3fHynXi9NYO4nWOL+qQ=="
    },
    "path-exists": {
      "version": "3.0.0",
      "resolved": "https://registry.npmjs.org/path-exists/-/path-exists-3.0.0.tgz",
      "integrity": "sha1-zg6+ql94yxiSXqfYENe1mwEP1RU="
    },
    "path-to-regexp": {
      "version": "3.1.0",
      "resolved": "https://registry.npmjs.org/path-to-regexp/-/path-to-regexp-3.1.0.tgz",
      "integrity": "sha512-PtHLisEvUOepjc+sStXxJ/pDV/s5UBTOKWJY2SOz3e6E/iN/jLknY9WL72kTwRrwXDUbZTEAtSnJbz2fF127DA=="
    },
    "popper.js": {
      "version": "1.16.0",
      "resolved": "https://registry.npmjs.org/popper.js/-/popper.js-1.16.0.tgz",
      "integrity": "sha512-+G+EkOPoE5S/zChTpmBSSDYmhXJ5PsW8eMhH8cP/CQHMFPBG/kC9Y5IIw6qNYgdJ+/COf0ddY2li28iHaZRSjw=="
    },
    "prop-types": {
      "version": "15.7.2",
      "resolved": "https://registry.npmjs.org/prop-types/-/prop-types-15.7.2.tgz",
      "integrity": "sha512-8QQikdH7//R2vurIJSutZ1smHYTcLpRWEOlHnzcWHmBYrOGUysKwSsrC89BCiFj3CbrfJ/nXFdJepOVrY1GCHQ==",
      "requires": {
        "loose-envify": "^1.4.0",
        "object-assign": "^4.1.1",
        "react-is": "^16.8.1"
      }
    },
    "qs": {
      "version": "6.9.0",
      "resolved": "https://registry.npmjs.org/qs/-/qs-6.9.0.tgz",
      "integrity": "sha512-27RP4UotQORTpmNQDX8BHPukOnBP3p1uUJY5UnDhaJB+rMt9iMsok724XL+UHU23bEFOHRMQ2ZhI99qOWUMGFA=="
    },
    "raw-body": {
      "version": "2.4.1",
      "resolved": "https://registry.npmjs.org/raw-body/-/raw-body-2.4.1.tgz",
      "integrity": "sha512-9WmIKF6mkvA0SLmA2Knm9+qj89e+j1zqgyn8aXGd7+nAduPoqgI9lO57SAZNn/Byzo5P7JhXTyg9PzaJbH73bA==",
      "requires": {
        "bytes": "3.1.0",
        "http-errors": "1.7.3",
        "iconv-lite": "0.4.24",
        "unpipe": "1.0.0"
      }
    },
    "react": {
      "version": "16.11.0",
      "resolved": "https://registry.npmjs.org/react/-/react-16.11.0.tgz",
      "integrity": "sha512-M5Y8yITaLmU0ynd0r1Yvfq98Rmll6q8AxaEe88c8e7LxO8fZ2cNgmFt0aGAS9wzf1Ao32NKXtCl+/tVVtkxq6g==",
      "requires": {
        "loose-envify": "^1.1.0",
        "object-assign": "^4.1.1",
        "prop-types": "^15.6.2"
      }
    },
    "react-dom": {
      "version": "16.11.0",
      "resolved": "https://registry.npmjs.org/react-dom/-/react-dom-16.11.0.tgz",
      "integrity": "sha512-nrRyIUE1e7j8PaXSPtyRKtz+2y9ubW/ghNgqKFHHAHaeP0fpF5uXR+sq8IMRHC+ZUxw7W9NyCDTBtwWxvkb0iA==",
      "requires": {
        "loose-envify": "^1.1.0",
        "object-assign": "^4.1.1",
        "prop-types": "^15.6.2",
        "scheduler": "^0.17.0"
      }
    },
    "react-is": {
      "version": "16.11.0",
      "resolved": "https://registry.npmjs.org/react-is/-/react-is-16.11.0.tgz",
      "integrity": "sha512-gbBVYR2p8mnriqAwWx9LbuUrShnAuSCNnuPGyc7GJrMVQtPDAh8iLpv7FRuMPFb56KkaVZIYSz1PrjI9q0QPCw=="
    },
    "react-transition-group": {
      "version": "4.3.0",
      "resolved": "https://registry.npmjs.org/react-transition-group/-/react-transition-group-4.3.0.tgz",
      "integrity": "sha512-1qRV1ZuVSdxPlPf4O8t7inxUGpdyO5zG9IoNfJxSO0ImU2A1YWkEQvFPuIPZmMLkg5hYs7vv5mMOyfgSkvAwvw==",
      "requires": {
        "@babel/runtime": "^7.5.5",
        "dom-helpers": "^5.0.1",
        "loose-envify": "^1.4.0",
        "prop-types": "^15.6.2"
      }
    },
    "regenerator-runtime": {
      "version": "0.13.3",
      "resolved": "https://registry.npmjs.org/regenerator-runtime/-/regenerator-runtime-0.13.3.tgz",
      "integrity": "sha512-naKIZz2GQ8JWh///G7L3X6LaQUAMp2lvb1rvwwsURe/VXwD6VMfr+/1NuNw3ag8v2kY1aQ/go5SNn79O9JU7yw=="
    },
    "require-directory": {
      "version": "2.1.1",
      "resolved": "https://registry.npmjs.org/require-directory/-/require-directory-2.1.1.tgz",
      "integrity": "sha1-jGStX9MNqxyXbiNE/+f3kqam30I="
    },
    "require-main-filename": {
      "version": "2.0.0",
      "resolved": "https://registry.npmjs.org/require-main-filename/-/require-main-filename-2.0.0.tgz",
      "integrity": "sha512-NKN5kMDylKuldxYLSUfrbo5Tuzh4hd+2E8NPPX02mZtn1VuREQToYe/ZdlJy+J3uCpfaiGF05e7B8W0iXbQHmg=="
    },
    "safe-buffer": {
      "version": "5.1.2",
      "resolved": "https://registry.npmjs.org/safe-buffer/-/safe-buffer-5.1.2.tgz",
      "integrity": "sha512-Gd2UZBJDkXlY7GbJxfsE8/nvKkUEU1G38c1siN6QP6a9PT9MmHB8GnpscSmMJSoF8LOIrt8ud/wPtojys4G6+g=="
    },
    "safer-buffer": {
      "version": "2.1.2",
      "resolved": "https://registry.npmjs.org/safer-buffer/-/safer-buffer-2.1.2.tgz",
      "integrity": "sha512-YZo3K82SD7Riyi0E1EQPojLz7kpepnSQI9IyPbHHg1XXXevb5dJI7tpyN2ADxGcQbHG7vcyRHk0cbwqcQriUtg=="
    },
    "scheduler": {
      "version": "0.17.0",
      "resolved": "https://registry.npmjs.org/scheduler/-/scheduler-0.17.0.tgz",
      "integrity": "sha512-7rro8Io3tnCPuY4la/NuI5F2yfESpnfZyT6TtkXnSWVkcu0BCDJ+8gk5ozUaFaxpIyNuWAPXrH0yFcSi28fnDA==",
      "requires": {
        "loose-envify": "^1.1.0",
        "object-assign": "^4.1.1"
      }
    },
    "set-blocking": {
      "version": "2.0.0",
      "resolved": "https://registry.npmjs.org/set-blocking/-/set-blocking-2.0.0.tgz",
      "integrity": "sha1-BF+XgtARrppoA93TgrJDkrPYkPc="
    },
    "setprototypeof": {
      "version": "1.1.1",
      "resolved": "https://registry.npmjs.org/setprototypeof/-/setprototypeof-1.1.1.tgz",
      "integrity": "sha512-JvdAWfbXeIGaZ9cILp38HntZSFSo3mWg6xGcJJsd+d4aRMOqauag1C63dJfDw7OaMYwEbHMOxEZ1lqVRYP2OAw=="
    },
    "statuses": {
      "version": "1.5.0",
      "resolved": "https://registry.npmjs.org/statuses/-/statuses-1.5.0.tgz",
      "integrity": "sha1-Fhx9rBd2Wf2YEfQ3cfqZOBR4Yow="
    },
    "string-width": {
      "version": "3.1.0",
      "resolved": "https://registry.npmjs.org/string-width/-/string-width-3.1.0.tgz",
      "integrity": "sha512-vafcv6KjVZKSgz06oM/H6GDBrAtz8vdhQakGjFIvNrHA6y3HCF1CInLy+QLq8dTJPQ1b+KDUqDFctkdRW44e1w==",
      "requires": {
        "emoji-regex": "^7.0.1",
        "is-fullwidth-code-point": "^2.0.0",
        "strip-ansi": "^5.1.0"
      }
    },
    "strip-ansi": {
      "version": "5.2.0",
      "resolved": "https://registry.npmjs.org/strip-ansi/-/strip-ansi-5.2.0.tgz",
      "integrity": "sha512-DuRs1gKbBqsMKIZlrffwlug8MHkcnpjs5VPmL1PAh+mA30U0DTotfDZ0d2UUsXpPmPmMMJ6W773MaA3J+lbiWA==",
      "requires": {
        "ansi-regex": "^4.1.0"
      }
    },
    "tiny-warning": {
      "version": "1.0.3",
      "resolved": "https://registry.npmjs.org/tiny-warning/-/tiny-warning-1.0.3.tgz",
      "integrity": "sha512-lBN9zLN/oAf68o3zNXYrdCt1kP8WsiGW8Oo2ka41b2IM5JL/S1CTyX1rW0mb/zSuJun0ZUrDxx4sqvYS2FWzPA=="
    },
    "toidentifier": {
      "version": "1.0.0",
      "resolved": "https://registry.npmjs.org/toidentifier/-/toidentifier-1.0.0.tgz",
      "integrity": "sha512-yaOH/Pk/VEhBWWTlhI+qXxDFXlejDGcQipMlyxda9nthulaxLZUNcUqFxokp0vcYnvteJln5FNQDRrxj3YcbVw=="
    },
    "tsscmp": {
      "version": "1.0.6",
      "resolved": "https://registry.npmjs.org/tsscmp/-/tsscmp-1.0.6.tgz",
      "integrity": "sha512-LxhtAkPDTkVCMQjt2h6eBVY28KCjikZqZfMcC15YBeNjkgUpdCfBu5HoiOTDu86v6smE8yOjyEktJ8hlbANHQA=="
    },
    "type-is": {
      "version": "1.6.18",
      "resolved": "https://registry.npmjs.org/type-is/-/type-is-1.6.18.tgz",
      "integrity": "sha512-TkRKr9sUTxEH8MdfuCSP7VizJyzRNMjj2J2do2Jr3Kym598JVdEksuzPQCnlFPW4ky9Q+iA+ma9BGm06XQBy8g==",
      "requires": {
        "media-typer": "0.3.0",
        "mime-types": "~2.1.24"
      }
    },
    "typescript": {
      "version": "3.7.2",
      "resolved": "https://registry.npmjs.org/typescript/-/typescript-3.7.2.tgz",
      "integrity": "sha512-ml7V7JfiN2Xwvcer+XAf2csGO1bPBdRbFCkYBczNZggrBZ9c7G3riSUeJmqEU5uOtXNPMhE3n+R4FA/3YOAWOQ==",
      "dev": true
    },
    "unpipe": {
      "version": "1.0.0",
      "resolved": "https://registry.npmjs.org/unpipe/-/unpipe-1.0.0.tgz",
      "integrity": "sha1-sr9O6FFKrmFltIF4KdIbLvSZBOw="
    },
    "vary": {
      "version": "1.1.2",
      "resolved": "https://registry.npmjs.org/vary/-/vary-1.1.2.tgz",
      "integrity": "sha1-IpnwLG3tMNSllhsLn3RSShj2NPw="
    },
    "which-module": {
      "version": "2.0.0",
      "resolved": "https://registry.npmjs.org/which-module/-/which-module-2.0.0.tgz",
      "integrity": "sha1-2e8H3Od7mQK4o6j6SzHD4/fm6Ho="
    },
    "wrap-ansi": {
      "version": "5.1.0",
      "resolved": "https://registry.npmjs.org/wrap-ansi/-/wrap-ansi-5.1.0.tgz",
      "integrity": "sha512-QC1/iN/2/RPVJ5jYK8BGttj5z83LmSKmvbvrXPNCLZSEb32KKVDJDl/MOt2N01qU2H/FkzEa9PKto1BqDjtd7Q==",
      "requires": {
        "ansi-styles": "^3.2.0",
        "string-width": "^3.0.0",
        "strip-ansi": "^5.0.0"
      }
    },
    "y18n": {
      "version": "4.0.0",
      "resolved": "https://registry.npmjs.org/y18n/-/y18n-4.0.0.tgz",
      "integrity": "sha512-r9S/ZyXu/Xu9q1tYlpsLIsa3EeLXXk0VwlxqTcFRfg9EhMW+17kbt9G0NrgCmhGb5vT2hyhJZLfDGx+7+5Uj/w=="
    },
    "yargs": {
      "version": "14.2.0",
      "resolved": "https://registry.npmjs.org/yargs/-/yargs-14.2.0.tgz",
      "integrity": "sha512-/is78VKbKs70bVZH7w4YaZea6xcJWOAwkhbR0CFuZBmYtfTYF0xjGJF43AYd8g2Uii1yJwmS5GR2vBmrc32sbg==",
      "requires": {
        "cliui": "^5.0.0",
        "decamelize": "^1.2.0",
        "find-up": "^3.0.0",
        "get-caller-file": "^2.0.1",
        "require-directory": "^2.1.1",
        "require-main-filename": "^2.0.0",
        "set-blocking": "^2.0.0",
        "string-width": "^3.0.0",
        "which-module": "^2.0.0",
        "y18n": "^4.0.0",
        "yargs-parser": "^15.0.0"
      }
    },
    "yargs-parser": {
      "version": "15.0.0",
      "resolved": "https://registry.npmjs.org/yargs-parser/-/yargs-parser-15.0.0.tgz",
      "integrity": "sha512-xLTUnCMc4JhxrPEPUYD5IBR1mWCK/aT6+RJ/K29JY2y1vD+FhtgKK0AXRWvI262q3QSffAQuTouFIKUuHX89wQ==",
      "requires": {
        "camelcase": "^5.0.0",
        "decamelize": "^1.2.0"
      }
    },
    "ylru": {
      "version": "1.2.1",
      "resolved": "https://registry.npmjs.org/ylru/-/ylru-1.2.1.tgz",
      "integrity": "sha512-faQrqNMzcPCHGVC2aaOINk13K+aaBDUPjGWl0teOXywElLjyVAB6Oe2jj62jHYtwsU49jXhScYbvPENK+6zAvQ=="
    }
  }
}
